<?xml version="1.0" encoding="utf-8"?>
<Project ToolsVersion="4.0" xmlns="http://schemas.microsoft.com/developer/msbuild/2003">
  <ItemGroup>
    <Filter Include="include">
      <UniqueIdentifier>{e20fff6a-565a-44d2-ba1c-7ed22db0b5e2}</UniqueIdentifier>
    </Filter>
    <Filter Include="sources">
      <UniqueIdentifier>{0c14ce55-5ea2-4b29-8054-5c6266be3aad}</UniqueIdentifier>
    </Filter>
  </ItemGroup>
  <ItemGroup>
    <ClInclude Include="..\..\include\yat\network\Address.h">
      <Filter>include</Filter>
    </ClInclude>
    <ClInclude Include="..\..\include\yat\memory\Allocator.h">
      <Filter>include</Filter>
    </ClInclude>
    <ClInclude Include="..\..\include\yat\any\Any.h">
      <Filter>include</Filter>
    </ClInclude>
    <ClInclude Include="..\..\include\yat\threading\Barrier.h">
      <Filter>include</Filter>
    </ClInclude>
    <ClInclude Include="..\..\include\yat\bitsstream\BitsRecord.h">
      <Filter>include</Filter>
    </ClInclude>
    <ClInclude Include="..\..\include\yat\bitsstream\BitsStream.h">
      <Filter>include</Filter>
    </ClInclude>
    <ClInclude Include="..\..\include\yat\utils\Callback.h">
      <Filter>include</Filter>
    </ClInclude>
    <ClInclude Include="..\..\include\yat\network\ClientSocket.h">
      <Filter>include</Filter>
    </ClInclude>
    <ClInclude Include="..\..\include\yat\CommonHeader.h">
      <Filter>include</Filter>
    </ClInclude>
    <ClInclude Include="..\..\include\yat\threading\Condition.h">
      <Filter>include</Filter>
    </ClInclude>
    <ClInclude Include="..\..\include\yat\config-win32.h">
      <Filter>include</Filter>
    </ClInclude>
    <ClInclude Include="..\..\include\yat\memory\DataBuffer.h">
      <Filter>include</Filter>
    </ClInclude>
    <ClInclude Include="..\..\include\yat\Exception.h">
      <Filter>include</Filter>
    </ClInclude>
    <ClInclude Include="..\..\include\yat\file\FileName.h">
      <Filter>include</Filter>
    </ClInclude>
    <ClInclude Include="..\..\include\yat\any\GenericContainer.h">
      <Filter>include</Filter>
    </ClInclude>
    <ClInclude Include="..\..\include\yat\threading\Implementation.h">
      <Filter>include</Filter>
    </ClInclude>
    <ClInclude Include="..\..\include\yat\Inline.h">
      <Filter>include</Filter>
    </ClInclude>
    <ClInclude Include="..\..\include\yat\plugin\IPlugInFactory.h">
      <Filter>include</Filter>
    </ClInclude>
    <ClInclude Include="..\..\include\yat\plugin\IPlugInInfo.h">
      <Filter>include</Filter>
    </ClInclude>
    <ClInclude Include="..\..\include\yat\plugin\IPlugInObject.h">
      <Filter>include</Filter>
    </ClInclude>
    <ClInclude Include="..\..\include\yat\plugin\IPlugInObjectWithAttr.h">
      <Filter>include</Filter>
    </ClInclude>
    <ClInclude Include="..\..\include\yat\utils\Logging.h">
      <Filter>include</Filter>
    </ClInclude>
    <ClInclude Include="..\..\include\yat\LogHelper.h">
      <Filter>include</Filter>
    </ClInclude>
    <ClInclude Include="..\..\include\yat\memory\MemBuf.h">
      <Filter>include</Filter>
    </ClInclude>
    <ClInclude Include="..\..\include\yat\threading\Message.h">
      <Filter>include</Filter>
    </ClInclude>
    <ClInclude Include="..\..\include\yat\threading\MessageQ.h">
      <Filter>include</Filter>
    </ClInclude>
    <ClInclude Include="..\..\include\yat\threading\Mutex.h">
      <Filter>include</Filter>
    </ClInclude>
    <ClInclude Include="..\..\include\yat\utils\NonCopyable.h">
      <Filter>include</Filter>
    </ClInclude>
    <ClInclude Include="..\..\include\yat\plugin\PlugIn.h">
      <Filter>include</Filter>
    </ClInclude>
    <ClInclude Include="..\..\include\yat\plugin\PlugInManager.h">
      <Filter>include</Filter>
    </ClInclude>
    <ClInclude Include="..\..\include\yat\plugin\PlugInSymbols.h">
      <Filter>include</Filter>
    </ClInclude>
    <ClInclude Include="..\..\include\yat\plugin\PlugInTypes.h">
      <Filter>include</Filter>
    </ClInclude>
    <ClInclude Include="..\..\include\yat\Portability.h">
      <Filter>include</Filter>
    </ClInclude>
    <ClInclude Include="..\..\include\yat\utils\ReferenceCounter.h">
      <Filter>include</Filter>
    </ClInclude>
    <ClInclude Include="..\..\include\yat\threading\Semaphore.h">
      <Filter>include</Filter>
    </ClInclude>
    <ClInclude Include="..\..\include\yat\threading\SharedObject.h">
      <Filter>include</Filter>
    </ClInclude>
    <ClInclude Include="..\..\include\yat\utils\Signal.h">
      <Filter>include</Filter>
    </ClInclude>
    <ClInclude Include="..\..\include\yat\memory\SharedPtr.h">
      <Filter>include</Filter>
    </ClInclude>
    <ClInclude Include="..\..\include\yat\utils\Singleton.h">
      <Filter>include</Filter>
    </ClInclude>
    <ClInclude Include="..\..\include\yat\network\Socket.h">
      <Filter>include</Filter>
    </ClInclude>
    <ClInclude Include="..\..\include\yat\network\SocketException.h">
      <Filter>include</Filter>
    </ClInclude>
    <ClInclude Include="..\..\include\yat\utils\String.h">
      <Filter>include</Filter>
    </ClInclude>
    <ClInclude Include="..\..\include\yat\utils\StringTemplate.h">
      <Filter>include</Filter>
    </ClInclude>
    <ClInclude Include="..\..\include\yat\utils\StringTokenizer.h">
      <Filter>include</Filter>
    </ClInclude>
    <ClInclude Include="..\..\include\yat\threading\SyncAccess.h">
      <Filter>include</Filter>
    </ClInclude>
    <ClInclude Include="..\..\include\yat\system\SysUtils.h">
      <Filter>include</Filter>
    </ClInclude>
    <ClInclude Include="..\..\include\yat\TargetPlatform.h">
      <Filter>include</Filter>
    </ClInclude>
    <ClInclude Include="..\..\include\yat\threading\Task.h">
      <Filter>include</Filter>
    </ClInclude>
    <ClInclude Include="..\..\include\yat\threading\Thread.h">
      <Filter>include</Filter>
    </ClInclude>
    <ClInclude Include="..\..\include\yat\time\Time.h">
      <Filter>include</Filter>
    </ClInclude>
    <ClInclude Include="..\..\include\yat\time\Timer.h">
      <Filter>include</Filter>
    </ClInclude>
    <ClInclude Include="..\..\include\yat\memory\UniquePtr.h">
      <Filter>include</Filter>
    </ClInclude>
    <ClInclude Include="..\..\include\yat\threading\Utilities.h">
      <Filter>include</Filter>
    </ClInclude>
    <ClInclude Include="..\..\include\yat\threading\impl\WinNtThreadingImpl.h">
      <Filter>include</Filter>
    </ClInclude>
    <ClInclude Include="..\..\include\yat\utils\XString.h">
      <Filter>include</Filter>
    </ClInclude>
    <ClInclude Include="..\..\include\yat\bitsstream\Endianness.h">
      <Filter>include</Filter>
    </ClInclude>
    <ClInclude Include="..\..\include\yat\yat.h">
      <Filter>include</Filter>
    </ClInclude>
  </ItemGroup>
  <ItemGroup>
    <None Include="..\..\include\yat\network\Address.i">
      <Filter>include</Filter>
    </None>
    <None Include="..\..\include\yat\memory\Allocator.i">
      <Filter>include</Filter>
    </None>
    <None Include="..\..\include\yat\memory\Allocator.tpp">
      <Filter>include</Filter>
    </None>
    <None Include="..\..\include\yat\threading\Barrier.i">
      <Filter>include</Filter>
    </None>
    <None Include="..\..\include\yat\network\ClientSocket.i">
      <Filter>include</Filter>
    </None>
    <None Include="..\..\include\yat\memory\DataBuffer.i">
      <Filter>include</Filter>
    </None>
    <None Include="..\..\include\yat\memory\DataBuffer.tpp">
      <Filter>include</Filter>
    </None>
    <None Include="..\..\include\yat\Exception.i">
      <Filter>include</Filter>
    </None>
    <None Include="..\..\include\yat\threading\Message.i">
      <Filter>include</Filter>
    </None>
    <None Include="..\..\include\yat\threading\MessageQ.i">
      <Filter>include</Filter>
    </None>
    <None Include="..\..\include\yat\threading\SharedObject.i">
      <Filter>include</Filter>
    </None>
    <None Include="..\..\include\yat\network\Socket.i">
      <Filter>include</Filter>
    </None>
    <None Include="..\..\include\yat\threading\Task.i">
      <Filter>include</Filter>
    </None>
    <None Include="..\..\include\yat\threading\impl\WinNtConditionImpl.i">
      <Filter>include</Filter>
    </None>
    <None Include="..\..\include\yat\threading\impl\WinNtMutexImpl.i">
      <Filter>include</Filter>
    </None>
    <None Include="..\..\include\yat\threading\impl\WinNtSemaphoreImpl.i">
      <Filter>include</Filter>
    </None>
    <None Include="..\..\include\yat\threading\impl\WinNtThreadImpl.i">
      <Filter>include</Filter>
    </None>
  </ItemGroup>
  <ItemGroup>
    <ClCompile Include="..\..\src\network\Address.cpp">
      <Filter>sources</Filter>
    </ClCompile>
    <ClCompile Include="..\..\src\threading\Barrier.cpp">
      <Filter>sources</Filter>
    </ClCompile>
    <ClCompile Include="..\..\src\bitsstream\BitsStream.cpp">
      <Filter>sources</Filter>
    </ClCompile>
    <ClCompile Include="..\..\src\network\ClientSocket.cpp">
      <Filter>sources</Filter>
    </ClCompile>
    <ClCompile Include="..\..\src\bitsstream\Endianness.cpp">
      <Filter>sources</Filter>
    </ClCompile>
    <ClCompile Include="..\..\src\Exception.cpp">
      <Filter>sources</Filter>
    </ClCompile>
    <ClCompile Include="..\..\src\file\FileName.cpp">
      <Filter>sources</Filter>
    </ClCompile>
    <ClCompile Include="..\..\src\utils\Logging.cpp">
      <Filter>sources</Filter>
    </ClCompile>
    <ClCompile Include="..\..\src\memory\MemBuf.cpp">
      <Filter>sources</Filter>
    </ClCompile>
    <ClCompile Include="..\..\src\threading\Message.cpp">
      <Filter>sources</Filter>
    </ClCompile>
    <ClCompile Include="..\..\src\threading\MessageQ.cpp">
      <Filter>sources</Filter>
    </ClCompile>
    <ClCompile Include="..\..\src\plugin\PlugIn.cpp">
      <Filter>sources</Filter>
    </ClCompile>
    <ClCompile Include="..\..\src\plugin\PlugInManager.cpp">
      <Filter>sources</Filter>
    </ClCompile>
    <ClCompile Include="..\..\src\plugin\PlugInWin32.cpp">
      <Filter>sources</Filter>
    </ClCompile>
    <ClCompile Include="..\..\src\threading\SharedObject.cpp">
      <Filter>sources</Filter>
    </ClCompile>
    <ClCompile Include="..\..\src\network\Socket.cpp">
      <Filter>sources</Filter>
    </ClCompile>
    <ClCompile Include="..\..\src\network\SocketException.cpp">
      <Filter>sources</Filter>
    </ClCompile>
    <ClCompile Include="..\..\src\utils\String.cpp">
      <Filter>sources</Filter>
    </ClCompile>
    <ClCompile Include="..\..\src\utils\StringTemplate.cpp">
      <Filter>sources</Filter>
    </ClCompile>
    <ClCompile Include="..\..\src\utils\StringTokenizer.cpp">
      <Filter>sources</Filter>
    </ClCompile>
    <ClCompile Include="..\..\src\threading\SyncAccess.cpp">
      <Filter>sources</Filter>
    </ClCompile>
    <ClCompile Include="..\..\src\threading\Task.cpp">
      <Filter>sources</Filter>
    </ClCompile>
    <ClCompile Include="..\..\src\time\Time.cpp">
      <Filter>sources</Filter>
    </ClCompile>
    <ClCompile Include="..\..\src\file\Win32FileImpl.cpp">
      <Filter>sources</Filter>
    </ClCompile>
    <ClCompile Include="..\..\src\system\Win32SysUtilsImpl.cpp">
      <Filter>sources</Filter>
    </ClCompile>
    <ClCompile Include="..\..\src\threading\WinNtThreadingImpl.cpp">
      <Filter>sources</Filter>
    </ClCompile>
  </ItemGroup>
</Project>