Microsoft Visual Studio Solution File, Format Version 11.00
# Visual C++ Express 2010
Project("{8BC9CEB8-8B4A-11D0-8D11-00A0C91BC942}") = "YAT_Shared", "YAT_Shared.vcxproj", "{5DD2BFDD-4D3F-474A-B9DC-368667C92D20}"
EndProject
Project("{8BC9CEB8-8B4A-11D0-8D11-00A0C91BC942}") = "YAT_Static", "YAT_Static.vcxproj", "{5CEA0DCF-675C-4C40-AF4E-D4FB4FEB9BFF}"
EndProject
Project("{8BC9CEB8-8B4A-11D0-8D11-00A0C91BC942}") = "YAT_Sample_bitsstream", "YAT_Sample_bitsstream.vcxproj", "{8A4BB25A-3DFD-499A-9E03-D165843B496A}"
EndProject
Project("{8BC9CEB8-8B4A-11D0-8D11-00A0C91BC942}") = "YAT_Sample_task", "YAT_Sample_task.vcxproj", "{1907B0AD-6B59-4635-8D92-E9605CCF7937}"
EndProject
Project("{8BC9CEB8-8B4A-11D0-8D11-00A0C91BC942}") = "YAT_Sample_callback", "YAT_Sample_callback.vcxproj", "{3FEFE36C-5549-4B31-B244-C2CA454118B5}"
EndProject
Global
	GlobalSection(SolutionConfigurationPlatforms) = preSolution
		Debug|Win32 = Debug|Win32
		Debug|x64 = Debug|x64
		Release|Win32 = Release|Win32
		Release|x64 = Release|x64
	EndGlobalSection
	GlobalSection(ProjectConfigurationPlatforms) = postSolution
		{5DD2BFDD-4D3F-474A-B9DC-368667C92D20}.Debug|Win32.ActiveCfg = Debug|Win32
		{5DD2BFDD-4D3F-474A-B9DC-368667C92D20}.Debug|Win32.Build.0 = Debug|Win32
		{5DD2BFDD-4D3F-474A-B9DC-368667C92D20}.Debug|x64.ActiveCfg = Debug|x64
		{5DD2BFDD-4D3F-474A-B9DC-368667C92D20}.Debug|x64.Build.0 = Debug|x64
		{5DD2BFDD-4D3F-474A-B9DC-368667C92D20}.Release|Win32.ActiveCfg = Release|Win32
		{5DD2BFDD-4D3F-474A-B9DC-368667C92D20}.Release|Win32.Build.0 = Release|Win32
		{5DD2BFDD-4D3F-474A-B9DC-368667C92D20}.Release|x64.ActiveCfg = Release|x64
		{5DD2BFDD-4D3F-474A-B9DC-368667C92D20}.Release|x64.Build.0 = Release|x64
		{5CEA0DCF-675C-4C40-AF4E-D4FB4FEB9BFF}.Debug|Win32.ActiveCfg = Debug|Win32
		{5CEA0DCF-675C-4C40-AF4E-D4FB4FEB9BFF}.Debug|Win32.Build.0 = Debug|Win32
		{5CEA0DCF-675C-4C40-AF4E-D4FB4FEB9BFF}.Debug|x64.ActiveCfg = Debug|x64
		{5CEA0DCF-675C-4C40-AF4E-D4FB4FEB9BFF}.Debug|x64.Build.0 = Debug|x64
		{5CEA0DCF-675C-4C40-AF4E-D4FB4FEB9BFF}.Release|Win32.ActiveCfg = Release|Win32
		{5CEA0DCF-675C-4C40-AF4E-D4FB4FEB9BFF}.Release|Win32.Build.0 = Release|Win32
		{5CEA0DCF-675C-4C40-AF4E-D4FB4FEB9BFF}.Release|x64.ActiveCfg = Release|x64
		{5CEA0DCF-675C-4C40-AF4E-D4FB4FEB9BFF}.Release|x64.Build.0 = Release|x64
		{8A4BB25A-3DFD-499A-9E03-D165843B496A}.Debug|Win32.ActiveCfg = Debug|Win32
		{8A4BB25A-3DFD-499A-9E03-D165843B496A}.Debug|Win32.Build.0 = Debug|Win32
		{8A4BB25A-3DFD-499A-9E03-D165843B496A}.Debug|x64.ActiveCfg = Debug|x64
		{8A4BB25A-3DFD-499A-9E03-D165843B496A}.Release|Win32.ActiveCfg = Release|Win32
		{8A4BB25A-3DFD-499A-9E03-D165843B496A}.Release|x64.ActiveCfg = Release|x64
		{1907B0AD-6B59-4635-8D92-E9605CCF7937}.Debug|Win32.ActiveCfg = Debug|Win32
		{1907B0AD-6B59-4635-8D92-E9605CCF7937}.Debug|Win32.Build.0 = Debug|Win32
		{1907B0AD-6B59-4635-8D92-E9605CCF7937}.Debug|x64.ActiveCfg = Debug|x64
		{1907B0AD-6B59-4635-8D92-E9605CCF7937}.Release|Win32.ActiveCfg = Release|Win32
		{1907B0AD-6B59-4635-8D92-E9605CCF7937}.Release|x64.ActiveCfg = Release|x64
		{3FEFE36C-5549-4B31-B244-C2CA454118B5}.Debug|Win32.ActiveCfg = Debug|Win32
		{3FEFE36C-5549-4B31-B244-C2CA454118B5}.Debug|Win32.Build.0 = Debug|Win32
		{3FEFE36C-5549-4B31-B244-C2CA454118B5}.Debug|x64.ActiveCfg = Debug|x64
		{3FEFE36C-5549-4B31-B244-C2CA454118B5}.Release|Win32.ActiveCfg = Release|Win32
		{3FEFE36C-5549-4B31-B244-C2CA454118B5}.Release|x64.ActiveCfg = Release|x64
	EndGlobalSection
	GlobalSection(SolutionProperties) = preSolution
		HideSolutionNode = FALSE
	EndGlobalSection
EndGlobal
